{
  "version": 4,
  "terraform_version": "1.10.3",
  "serial": 18,
  "lineage": "c3cc35e5-f5f7-c5f6-1ce9-8fce9e79e03d",
  "outputs": {
    "cloud_run_url": {
      "value": "https://secure-cloud-run-5hrrekoxhq-uc.a.run.app",
      "type": "string"
    }
  },
  "resources": [
    {
      "mode": "data",
      "type": "google_project",
      "name": "project",
      "provider": "provider[\"registry.terraform.io/hashicorp/google\"]",
      "instances": [
        {
          "schema_version": 0,
          "attributes": {
            "auto_create_network": null,
            "billing_account": "014140-F0ABD0-E8A0BC",
            "deletion_policy": "DELETE",
            "effective_labels": {},
            "folder_id": null,
            "id": "projects/galvanic-portal-456405-a2",
            "labels": {},
            "name": "My First Project",
            "number": "1076859015448",
            "org_id": null,
            "project_id": "galvanic-portal-456405-a2",
            "skip_delete": null,
            "terraform_labels": {}
          },
          "sensitive_attributes": []
        }
      ]
    },
    {
      "mode": "managed",
      "type": "google_cloud_run_service",
      "name": "default",
      "provider": "provider[\"registry.terraform.io/hashicorp/google\"]",
      "instances": [
        {
          "schema_version": 2,
          "attributes": {
            "autogenerate_revision_name": false,
            "id": "locations/us-central1/namespaces/galvanic-portal-456405-a2/services/secure-cloud-run",
            "location": "us-central1",
            "metadata": [
              {
                "annotations": {},
                "effective_annotations": {
                  "run.googleapis.com/ingress": "all",
                  "run.googleapis.com/ingress-status": "all",
                  "run.googleapis.com/operation-id": "5ad253bb-4f78-433d-90f9-86e77eabae40",
                  "run.googleapis.com/urls": "[\"https://secure-cloud-run-1076859015448.us-central1.run.app\",\"https://secure-cloud-run-5hrrekoxhq-uc.a.run.app\"]",
                  "serving.knative.dev/creator": "dhilip14fire@gmail.com",
                  "serving.knative.dev/lastModifier": "dhilip14fire@gmail.com"
                },
                "effective_labels": {
                  "cloud.googleapis.com/location": "us-central1"
                },
                "generation": 1,
                "labels": {},
                "namespace": "galvanic-portal-456405-a2",
                "resource_version": "AAY0eDiADos",
                "self_link": "/apis/serving.knative.dev/v1/namespaces/1076859015448/services/secure-cloud-run",
                "terraform_labels": {},
                "uid": "d12d6935-2da2-46b3-9ff8-9fa99745f003"
              }
            ],
            "name": "secure-cloud-run",
            "project": "galvanic-portal-456405-a2",
            "status": [
              {
                "conditions": [
                  {
                    "message": "",
                    "reason": "",
                    "status": "True",
                    "type": "Ready"
                  },
                  {
                    "message": "",
                    "reason": "",
                    "status": "True",
                    "type": "ConfigurationsReady"
                  },
                  {
                    "message": "",
                    "reason": "",
                    "status": "True",
                    "type": "RoutesReady"
                  }
                ],
                "latest_created_revision_name": "secure-cloud-run-00001-9fd",
                "latest_ready_revision_name": "secure-cloud-run-00001-9fd",
                "observed_generation": 1,
                "traffic": [
                  {
                    "latest_revision": true,
                    "percent": 100,
                    "revision_name": "secure-cloud-run-00001-9fd",
                    "tag": "",
                    "url": ""
                  }
                ],
                "url": "https://secure-cloud-run-5hrrekoxhq-uc.a.run.app"
              }
            ],
            "template": [
              {
                "metadata": [
                  {
                    "annotations": {
                      "autoscaling.knative.dev/maxScale": "3"
                    },
                    "generation": 0,
                    "labels": {
                      "run.googleapis.com/startupProbeType": "Default"
                    },
                    "name": "",
                    "namespace": "",
                    "resource_version": "",
                    "self_link": "",
                    "uid": ""
                  }
                ],
                "spec": [
                  {
                    "container_concurrency": 80,
                    "containers": [
                      {
                        "args": null,
                        "command": null,
                        "env": [
                          {
                            "name": "APP_MODE",
                            "value": "dev",
                            "value_from": []
                          },
                          {
                            "name": "DATABASE_URL",
                            "value": "",
                            "value_from": [
                              {
                                "secret_key_ref": [
                                  {
                                    "key": "latest",
                                    "name": "DATABASE_URL"
                                  }
                                ]
                              }
                            ]
                          },
                          {
                            "name": "GEMINI_API_KEY",
                            "value": "",
                            "value_from": [
                              {
                                "secret_key_ref": [
                                  {
                                    "key": "latest",
                                    "name": "GEMINI_API_KEY"
                                  }
                                ]
                              }
                            ]
                          },
                          {
                            "name": "NO_AUTH_SECRET",
                            "value": "",
                            "value_from": [
                              {
                                "secret_key_ref": [
                                  {
                                    "key": "latest",
                                    "name": "NO_AUTH_SECRET"
                                  }
                                ]
                              }
                            ]
                          }
                        ],
                        "env_from": [],
                        "image": "docker.io/dhilipakaran/testing:v2",
                        "liveness_probe": [],
                        "name": "",
                        "ports": [
                          {
                            "container_port": 8080,
                            "name": "http1",
                            "protocol": ""
                          }
                        ],
                        "resources": [
                          {
                            "limits": {
                              "cpu": "1000m",
                              "memory": "512Mi"
                            },
                            "requests": {}
                          }
                        ],
                        "startup_probe": [
                          {
                            "failure_threshold": 1,
                            "grpc": [],
                            "http_get": [],
                            "initial_delay_seconds": 0,
                            "period_seconds": 240,
                            "tcp_socket": [
                              {
                                "port": 8080
                              }
                            ],
                            "timeout_seconds": 240
                          }
                        ],
                        "volume_mounts": [],
                        "working_dir": ""
                      }
                    ],
                    "service_account_name": "1076859015448-compute@developer.gserviceaccount.com",
                    "serving_state": "",
                    "timeout_seconds": 300,
                    "volumes": []
                  }
                ]
              }
            ],
            "timeouts": null,
            "traffic": [
              {
                "latest_revision": true,
                "percent": 100,
                "revision_name": "",
                "tag": "",
                "url": ""
              }
            ]
          },
          "sensitive_attributes": [],
          "private": "eyJlMmJmYjczMC1lY2FhLTExZTYtOGY4OC0zNDM2M2JjN2M0YzAiOnsiY3JlYXRlIjoxMjAwMDAwMDAwMDAwLCJkZWxldGUiOjEyMDAwMDAwMDAwMDAsInVwZGF0ZSI6MTIwMDAwMDAwMDAwMH0sInNjaGVtYV92ZXJzaW9uIjoiMiJ9",
          "dependencies": [
            "google_secret_manager_secret.secrets"
          ]
        }
      ]
    },
    {
      "mode": "managed",
      "type": "google_cloud_run_service_iam_member",
      "name": "public_invoker",
      "provider": "provider[\"registry.terraform.io/hashicorp/google\"]",
      "instances": [
        {
          "schema_version": 0,
          "attributes": {
            "condition": [],
            "etag": "BwY0eDiw8jo=",
            "id": "v1/projects/galvanic-portal-456405-a2/locations/us-central1/services/secure-cloud-run/roles/run.invoker/allUsers",
            "location": "us-central1",
            "member": "allUsers",
            "project": "galvanic-portal-456405-a2",
            "role": "roles/run.invoker",
            "service": "v1/projects/galvanic-portal-456405-a2/locations/us-central1/services/secure-cloud-run"
          },
          "sensitive_attributes": [],
          "private": "bnVsbA==",
          "dependencies": [
            "google_cloud_run_service.default",
            "google_secret_manager_secret.secrets"
          ]
        }
      ]
    },
    {
      "mode": "managed",
      "type": "google_project_iam_member",
      "name": "run_invoker",
      "provider": "provider[\"registry.terraform.io/hashicorp/google\"]",
      "instances": [
        {
          "schema_version": 0,
          "attributes": {
            "condition": [],
            "etag": "BwY0eADNvJQ=",
            "id": "galvanic-portal-456405-a2/roles/run.invoker/serviceAccount:1076859015448-compute@developer.gserviceaccount.com",
            "member": "serviceAccount:1076859015448-compute@developer.gserviceaccount.com",
            "project": "galvanic-portal-456405-a2",
            "role": "roles/run.invoker"
          },
          "sensitive_attributes": [],
          "private": "bnVsbA=="
        }
      ]
    },
    {
      "mode": "managed",
      "type": "google_project_iam_member",
      "name": "secret_access",
      "provider": "provider[\"registry.terraform.io/hashicorp/google\"]",
      "instances": [
        {
          "index_key": "DATABASE_URL",
          "schema_version": 0,
          "attributes": {
            "condition": [],
            "etag": "BwY0eADNvJQ=",
            "id": "galvanic-portal-456405-a2/roles/secretmanager.secretAccessor/serviceAccount:1076859015448-compute@developer.gserviceaccount.com",
            "member": "serviceAccount:1076859015448-compute@developer.gserviceaccount.com",
            "project": "galvanic-portal-456405-a2",
            "role": "roles/secretmanager.secretAccessor"
          },
          "sensitive_attributes": [],
          "private": "bnVsbA==",
          "dependencies": [
            "google_secret_manager_secret.secrets"
          ]
        },
        {
          "index_key": "GEMINI_API_KEY",
          "schema_version": 0,
          "attributes": {
            "condition": [],
            "etag": "BwY0eADNvJQ=",
            "id": "galvanic-portal-456405-a2/roles/secretmanager.secretAccessor/serviceAccount:1076859015448-compute@developer.gserviceaccount.com",
            "member": "serviceAccount:1076859015448-compute@developer.gserviceaccount.com",
            "project": "galvanic-portal-456405-a2",
            "role": "roles/secretmanager.secretAccessor"
          },
          "sensitive_attributes": [],
          "private": "bnVsbA==",
          "dependencies": [
            "google_secret_manager_secret.secrets"
          ]
        },
        {
          "index_key": "NO_AUTH_SECRET",
          "schema_version": 0,
          "attributes": {
            "condition": [],
            "etag": "BwY0eADNvJQ=",
            "id": "galvanic-portal-456405-a2/roles/secretmanager.secretAccessor/serviceAccount:1076859015448-compute@developer.gserviceaccount.com",
            "member": "serviceAccount:1076859015448-compute@developer.gserviceaccount.com",
            "project": "galvanic-portal-456405-a2",
            "role": "roles/secretmanager.secretAccessor"
          },
          "sensitive_attributes": [],
          "private": "bnVsbA==",
          "dependencies": [
            "google_secret_manager_secret.secrets"
          ]
        }
      ]
    },
    {
      "mode": "managed",
      "type": "google_secret_manager_secret",
      "name": "secrets",
      "provider": "provider[\"registry.terraform.io/hashicorp/google\"]",
      "instances": [
        {
          "index_key": "DATABASE_URL",
          "schema_version": 0,
          "attributes": {
            "annotations": {},
            "create_time": "2025-05-06T13:57:43.998281Z",
            "effective_annotations": {},
            "effective_labels": {},
            "expire_time": "",
            "id": "projects/galvanic-portal-456405-a2/secrets/DATABASE_URL",
            "labels": {},
            "name": "projects/1076859015448/secrets/DATABASE_URL",
            "project": "galvanic-portal-456405-a2",
            "replication": [
              {
                "auto": [
                  {
                    "customer_managed_encryption": []
                  }
                ],
                "user_managed": []
              }
            ],
            "rotation": [],
            "secret_id": "DATABASE_URL",
            "terraform_labels": {},
            "timeouts": null,
            "topics": [],
            "ttl": null,
            "version_aliases": {},
            "version_destroy_ttl": ""
          },
          "sensitive_attributes": [],
          "private": "eyJlMmJmYjczMC1lY2FhLTExZTYtOGY4OC0zNDM2M2JjN2M0YzAiOnsiY3JlYXRlIjoxMjAwMDAwMDAwMDAwLCJkZWxldGUiOjEyMDAwMDAwMDAwMDAsInVwZGF0ZSI6MTIwMDAwMDAwMDAwMH19"
        },
        {
          "index_key": "GEMINI_API_KEY",
          "schema_version": 0,
          "attributes": {
            "annotations": {},
            "create_time": "2025-05-06T13:57:45.785005Z",
            "effective_annotations": {},
            "effective_labels": {},
            "expire_time": "",
            "id": "projects/galvanic-portal-456405-a2/secrets/GEMINI_API_KEY",
            "labels": {},
            "name": "projects/1076859015448/secrets/GEMINI_API_KEY",
            "project": "galvanic-portal-456405-a2",
            "replication": [
              {
                "auto": [
                  {
                    "customer_managed_encryption": []
                  }
                ],
                "user_managed": []
              }
            ],
            "rotation": [],
            "secret_id": "GEMINI_API_KEY",
            "terraform_labels": {},
            "timeouts": null,
            "topics": [],
            "ttl": null,
            "version_aliases": {},
            "version_destroy_ttl": ""
          },
          "sensitive_attributes": [],
          "private": "eyJlMmJmYjczMC1lY2FhLTExZTYtOGY4OC0zNDM2M2JjN2M0YzAiOnsiY3JlYXRlIjoxMjAwMDAwMDAwMDAwLCJkZWxldGUiOjEyMDAwMDAwMDAwMDAsInVwZGF0ZSI6MTIwMDAwMDAwMDAwMH19"
        },
        {
          "index_key": "NO_AUTH_SECRET",
          "schema_version": 0,
          "attributes": {
            "annotations": {},
            "create_time": "2025-05-06T13:57:48.243628Z",
            "effective_annotations": {},
            "effective_labels": {},
            "expire_time": "",
            "id": "projects/galvanic-portal-456405-a2/secrets/NO_AUTH_SECRET",
            "labels": {},
            "name": "projects/1076859015448/secrets/NO_AUTH_SECRET",
            "project": "galvanic-portal-456405-a2",
            "replication": [
              {
                "auto": [
                  {
                    "customer_managed_encryption": []
                  }
                ],
                "user_managed": []
              }
            ],
            "rotation": [],
            "secret_id": "NO_AUTH_SECRET",
            "terraform_labels": {},
            "timeouts": null,
            "topics": [],
            "ttl": null,
            "version_aliases": {},
            "version_destroy_ttl": ""
          },
          "sensitive_attributes": [],
          "private": "eyJlMmJmYjczMC1lY2FhLTExZTYtOGY4OC0zNDM2M2JjN2M0YzAiOnsiY3JlYXRlIjoxMjAwMDAwMDAwMDAwLCJkZWxldGUiOjEyMDAwMDAwMDAwMDAsInVwZGF0ZSI6MTIwMDAwMDAwMDAwMH19"
        }
      ]
    },
    {
      "mode": "managed",
      "type": "google_secret_manager_secret_version",
      "name": "secrets_version",
      "provider": "provider[\"registry.terraform.io/hashicorp/google\"]",
      "instances": [
        {
          "index_key": "DATABASE_URL",
          "schema_version": 0,
          "attributes": {
            "create_time": "2025-05-06T13:57:55.427939Z",
            "deletion_policy": "DELETE",
            "destroy_time": "",
            "enabled": true,
            "id": "projects/1076859015448/secrets/DATABASE_URL/versions/1",
            "is_secret_data_base64": false,
            "name": "projects/1076859015448/secrets/DATABASE_URL/versions/1",
            "secret": "projects/galvanic-portal-456405-a2/secrets/DATABASE_URL",
            "secret_data": "postgresql+asyncpg://savemomdev:savemomdev@34.93.88.162/starter",
            "timeouts": null,
            "version": "1"
          },
          "sensitive_attributes": [
            [
              {
                "type": "get_attr",
                "value": "secret_data"
              }
            ]
          ],
          "private": "eyJlMmJmYjczMC1lY2FhLTExZTYtOGY4OC0zNDM2M2JjN2M0YzAiOnsiY3JlYXRlIjoxMjAwMDAwMDAwMDAwLCJkZWxldGUiOjEyMDAwMDAwMDAwMDAsInVwZGF0ZSI6MTIwMDAwMDAwMDAwMH19",
          "dependencies": [
            "google_secret_manager_secret.secrets"
          ]
        },
        {
          "index_key": "GEMINI_API_KEY",
          "schema_version": 0,
          "attributes": {
            "create_time": "2025-05-06T13:57:53.555834Z",
            "deletion_policy": "DELETE",
            "destroy_time": "",
            "enabled": true,
            "id": "projects/1076859015448/secrets/GEMINI_API_KEY/versions/1",
            "is_secret_data_base64": false,
            "name": "projects/1076859015448/secrets/GEMINI_API_KEY/versions/1",
            "secret": "projects/galvanic-portal-456405-a2/secrets/GEMINI_API_KEY",
            "secret_data": "AIzaSyA_mLYAWyD35Gn2qAAgzvb25Cb0Qjlc95E",
            "timeouts": null,
            "version": "1"
          },
          "sensitive_attributes": [
            [
              {
                "type": "get_attr",
                "value": "secret_data"
              }
            ]
          ],
          "private": "eyJlMmJmYjczMC1lY2FhLTExZTYtOGY4OC0zNDM2M2JjN2M0YzAiOnsiY3JlYXRlIjoxMjAwMDAwMDAwMDAwLCJkZWxldGUiOjEyMDAwMDAwMDAwMDAsInVwZGF0ZSI6MTIwMDAwMDAwMDAwMH19",
          "dependencies": [
            "google_secret_manager_secret.secrets"
          ]
        },
        {
          "index_key": "NO_AUTH_SECRET",
          "schema_version": 0,
          "attributes": {
            "create_time": "2025-05-06T13:57:54.874828Z",
            "deletion_policy": "DELETE",
            "destroy_time": "",
            "enabled": true,
            "id": "projects/1076859015448/secrets/NO_AUTH_SECRET/versions/1",
            "is_secret_data_base64": false,
            "name": "projects/1076859015448/secrets/NO_AUTH_SECRET/versions/1",
            "secret": "projects/galvanic-portal-456405-a2/secrets/NO_AUTH_SECRET",
            "secret_data": "s1a2v3e4m5o6m7",
            "timeouts": null,
            "version": "1"
          },
          "sensitive_attributes": [
            [
              {
                "type": "get_attr",
                "value": "secret_data"
              }
            ]
          ],
          "private": "eyJlMmJmYjczMC1lY2FhLTExZTYtOGY4OC0zNDM2M2JjN2M0YzAiOnsiY3JlYXRlIjoxMjAwMDAwMDAwMDAwLCJkZWxldGUiOjEyMDAwMDAwMDAwMDAsInVwZGF0ZSI6MTIwMDAwMDAwMDAwMH19",
          "dependencies": [
            "google_secret_manager_secret.secrets"
          ]
        }
      ]
    }
  ],
  "check_results": null
}
